// !$*UTF8*$!
{
	archiveVersion = 1;
	classes = {
	};
	objectVersion = 46;
	objects = {

/* Begin PBXBuildFile section */
		3802EA3F1BEE840900A6E379 /* QuizViewController.m in Sources */ = {isa = PBXBuildFile; fileRef = 3802EA3D1BEE840900A6E379 /* QuizViewController.m */; };
		3802EA401BEE840900A6E379 /* QuizViewController.xib in Resources */ = {isa = PBXBuildFile; fileRef = 3802EA3E1BEE840900A6E379 /* QuizViewController.xib */; };
		38F7C4661BEA86C6009F6AB9 /* main.m in Sources */ = {isa = PBXBuildFile; fileRef = 38F7C4651BEA86C6009F6AB9 /* main.m */; };
		38F7C4691BEA86C6009F6AB9 /* AppDelegate.m in Sources */ = {isa = PBXBuildFile; fileRef = 38F7C4681BEA86C6009F6AB9 /* AppDelegate.m */; };
		38F7C4711BEA86C6009F6AB9 /* Images.xcassets in Resources */ = {isa = PBXBuildFile; fileRef = 38F7C4701BEA86C6009F6AB9 /* Images.xcassets */; };
		38F7C4741BEA86C6009F6AB9 /* LaunchScreen.xib in Resources */ = {isa = PBXBuildFile; fileRef = 38F7C4721BEA86C6009F6AB9 /* LaunchScreen.xib */; };
		38F7C4801BEA86C6009F6AB9 /* review_aTests.m in Sources */ = {isa = PBXBuildFile; fileRef = 38F7C47F1BEA86C6009F6AB9 /* review_aTests.m */; };
/* End PBXBuildFile section */

/* Begin PBXContainerItemProxy section */
		38F7C47A1BEA86C6009F6AB9 /* PBXContainerItemProxy */ = {
			isa = PBXContainerItemProxy;
			containerPortal = 38F7C4581BEA86C5009F6AB9 /* Project object */;
			proxyType = 1;
			remoteGlobalIDString = 38F7C45F1BEA86C6009F6AB9;
			remoteInfo = "review-a";
		};
/* End PBXContainerItemProxy section */

/* Begin PBXFileReference section */
		3802EA3C1BEE840900A6E379 /* QuizViewController.h */ = {isa = PBXFileReference; fileEncoding = 4; lastKnownFileType = sourcecode.c.h; path = QuizViewController.h; sourceTree = "<group>"; };
		3802EA3D1BEE840900A6E379 /* QuizViewController.m */ = {isa = PBXFileReference; fileEncoding = 4; lastKnownFileType = sourcecode.c.objc; path = QuizViewController.m; sourceTree = "<group>"; };
		3802EA3E1BEE840900A6E379 /* QuizViewController.xib */ = {isa = PBXFileReference; fileEncoding = 4; lastKnownFileType = file.xib; path = QuizViewController.xib; sourceTree = "<group>"; };
		38F7C4601BEA86C6009F6AB9 /* review-a.app */ = {isa = PBXFileReference; explicitFileType = wrapper.application; includeInIndex = 0; path = "review-a.app"; sourceTree = BUILT_PRODUCTS_DIR; };
		38F7C4641BEA86C6009F6AB9 /* Info.plist */ = {isa = PBXFileReference; lastKnownFileType = text.plist.xml; path = Info.plist; sourceTree = "<group>"; };
		38F7C4651BEA86C6009F6AB9 /* main.m */ = {isa = PBXFileReference; lastKnownFileType = sourcecode.c.objc; path = main.m; sourceTree = "<group>"; };
		38F7C4671BEA86C6009F6AB9 /* AppDelegate.h */ = {isa = PBXFileReference; lastKnownFileType = sourcecode.c.h; path = AppDelegate.h; sourceTree = "<group>"; };
		38F7C4681BEA86C6009F6AB9 /* AppDelegate.m */ = {isa = PBXFileReference; lastKnownFileType = sourcecode.c.objc; path = AppDelegate.m; sourceTree = "<group>"; };
		38F7C4701BEA86C6009F6AB9 /* Images.xcassets */ = {isa = PBXFileReference; lastKnownFileType = folder.assetcatalog; path = Images.xcassets; sourceTree = "<group>"; };
		38F7C4731BEA86C6009F6AB9 /* Base */ = {isa = PBXFileReference; lastKnownFileType = file.xib; name = Base; path = Base.lproj/LaunchScreen.xib; sourceTree = "<group>"; };
		38F7C4791BEA86C6009F6AB9 /* review-aTests.xctest */ = {isa = PBXFileReference; explicitFileType = wrapper.cfbundle; includeInIndex = 0; path = "review-aTests.xctest"; sourceTree = BUILT_PRODUCTS_DIR; };
		38F7C47E1BEA86C6009F6AB9 /* Info.plist */ = {isa = PBXFileReference; lastKnownFileType = text.plist.xml; path = Info.plist; sourceTree = "<group>"; };
		38F7C47F1BEA86C6009F6AB9 /* review_aTests.m */ = {isa = PBXFileReference; lastKnownFileType = sourcecode.c.objc; path = review_aTests.m; sourceTree = "<group>"; };
/* End PBXFileReference section */

/* Begin PBXFrameworksBuildPhase section */
		38F7C45D1BEA86C5009F6AB9 /* Frameworks */ = {
			isa = PBXFrameworksBuildPhase;
			buildActionMask = 2147483647;
			files = (
			);
			runOnlyForDeploymentPostprocessing = 0;
		};
		38F7C4761BEA86C6009F6AB9 /* Frameworks */ = {
			isa = PBXFrameworksBuildPhase;
			buildActionMask = 2147483647;
			files = (
			);
			runOnlyForDeploymentPostprocessing = 0;
		};
/* End PBXFrameworksBuildPhase section */

/* Begin PBXGroup section */
		38F7C4571BEA86C5009F6AB9 = {
			isa = PBXGroup;
			children = (
				38F7C4621BEA86C6009F6AB9 /* review-a */,
				38F7C47C1BEA86C6009F6AB9 /* review-aTests */,
				38F7C4611BEA86C6009F6AB9 /* Products */,
			);
			sourceTree = "<group>";
		};
		38F7C4611BEA86C6009F6AB9 /* Products */ = {
			isa = PBXGroup;
			children = (
				38F7C4601BEA86C6009F6AB9 /* review-a.app */,
				38F7C4791BEA86C6009F6AB9 /* review-aTests.xctest */,
			);
			name = Products;
			sourceTree = "<group>";
		};
		38F7C4621BEA86C6009F6AB9 /* review-a */ = {
			isa = PBXGroup;
			children = (
				38F7C4671BEA86C6009F6AB9 /* AppDelegate.h */,
				38F7C4681BEA86C6009F6AB9 /* AppDelegate.m */,
				38F7C4701BEA86C6009F6AB9 /* Images.xcassets */,
				38F7C4721BEA86C6009F6AB9 /* LaunchScreen.xib */,
				38F7C4631BEA86C6009F6AB9 /* Supporting Files */,
				3802EA3C1BEE840900A6E379 /* QuizViewController.h */,
				3802EA3D1BEE840900A6E379 /* QuizViewController.m */,
				3802EA3E1BEE840900A6E379 /* QuizViewController.xib */,
			);
			path = "review-a";
			sourceTree = "<group>";
		};
		38F7C4631BEA86C6009F6AB9 /* Supporting Files */ = {
			isa = PBXGroup;
			children = (
				38F7C4641BEA86C6009F6AB9 /* Info.plist */,
				38F7C4651BEA86C6009F6AB9 /* main.m */,
			);
			name = "Supporting Files";
			sourceTree = "<group>";
		};
		38F7C47C1BEA86C6009F6AB9 /* review-aTests */ = {
			isa = PBXGroup;
			children = (
				38F7C47F1BEA86C6009F6AB9 /* review_aTests.m */,
				38F7C47D1BEA86C6009F6AB9 /* Supporting Files */,
			);
			path = "review-aTests";
			sourceTree = "<group>";
		};
		38F7C47D1BEA86C6009F6AB9 /* Supporting Files */ = {
			isa = PBXGroup;
			children = (
				38F7C47E1BEA86C6009F6AB9 /* Info.plist */,
			);
			name = "Supporting Files";
			sourceTree = "<group>";
		};
/* End PBXGroup section */

/* Begin PBXNativeTarget section */
		38F7C45F1BEA86C6009F6AB9 /* review-a */ = {
			isa = PBXNativeTarget;
			buildConfigurationList = 38F7C4831BEA86C6009F6AB9 /* Build configuration list for PBXNativeTarget "review-a" */;
			buildPhases = (
				38F7C45C1BEA86C5009F6AB9 /* Sources */,
				38F7C45D1BEA86C5009F6AB9 /* Frameworks */,
				38F7C45E1BEA86C6009F6AB9 /* Resources */,
			);
			buildRules = (
			);
			dependencies = (
			);
			name = "review-a";
			productName = "review-a";
			productReference = 38F7C4601BEA86C6009F6AB9 /* review-a.app */;
			productType = "com.apple.product-type.application";
		};
		38F7C4781BEA86C6009F6AB9 /* review-aTests */ = {
			isa = PBXNativeTarget;
			buildConfigurationList = 38F7C4861BEA86C6009F6AB9 /* Build configuration list for PBXNativeTarget "review-aTests" */;
			buildPhases = (
				38F7C4751BEA86C6009F6AB9 /* Sources */,
				38F7C4761BEA86C6009F6AB9 /* Frameworks */,
				38F7C4771BEA86C6009F6AB9 /* Resources */,
			);
			buildRules = (
			);
			dependencies = (
				38F7C47B1BEA86C6009F6AB9 /* PBXTargetDependency */,
			);
			name = "review-aTests";
			productName = "review-aTests";
			productReference = 38F7C4791BEA86C6009F6AB9 /* review-aTests.xctest */;
			productType = "com.apple.product-type.bundle.unit-test";
		};
/* End PBXNativeTarget section */

/* Begin PBXProject section */
		38F7C4581BEA86C5009F6AB9 /* Project object */ = {
			isa = PBXProject;
			attributes = {
				LastUpgradeCheck = 0610;
				ORGANIZATIONNAME = "Dark Realm Studios+";
				TargetAttributes = {
					38F7C45F1BEA86C6009F6AB9 = {
						CreatedOnToolsVersion = 6.1.1;
					};
					38F7C4781BEA86C6009F6AB9 = {
						CreatedOnToolsVersion = 6.1.1;
						TestTargetID = 38F7C45F1BEA86C6009F6AB9;
					};
				};
			};
			buildConfigurationList = 38F7C45B1BEA86C5009F6AB9 /* Build configuration list for PBXProject "review-a" */;
			compatibilityVersion = "Xcode 3.2";
			developmentRegion = English;
			hasScannedForEncodings = 0;
			knownRegions = (
				en,
				Base,
			);
			mainGroup = 38F7C4571BEA86C5009F6AB9;
			productRefGroup = 38F7C4611BEA86C6009F6AB9 /* Products */;
			projectDirPath = "";
			projectRoot = "";
			targets = (
				38F7C45F1BEA86C6009F6AB9 /* review-a */,
				38F7C4781BEA86C6009F6AB9 /* review-aTests */,
			);
		};
/* End PBXProject section */

/* Begin PBXResourcesBuildPhase section */
		38F7C45E1BEA86C6009F6AB9 /* Resources */ = {
			isa = PBXResourcesBuildPhase;
			buildActionMask = 2147483647;
			files = (
				38F7C4741BEA86C6009F6AB9 /* LaunchScreen.xib in Resources */,
				38F7C4711BEA86C6009F6AB9 /* Images.xcassets in Resources */,
				3802EA401BEE840900A6E379 /* QuizViewController.xib in Resources */,
			);
			runOnlyForDeploymentPostprocessing = 0;
		};
		38F7C4771BEA86C6009F6AB9 /* Resources */ = {
			isa = PBXResourcesBuildPhase;
			buildActionMask = 2147483647;
			files = (
			);
			runOnlyForDeploymentPostprocessing = 0;
		};
/* End PBXResourcesBuildPhase section */

/* Begin PBXSourcesBuildPhase section */
		38F7C45C1BEA86C5009F6AB9 /* Sources */ = {
			isa = PBXSourcesBuildPhase;
			buildActionMask = 2147483647;
			files = (
				38F7C4691BEA86C6009F6AB9 /* AppDelegate.m in Sources */,
				38F7C4661BEA86C6009F6AB9 /* main.m in Sources */,
				3802EA3F1BEE840900A6E379 /* QuizViewController.m in Sources */,
			);
			runOnlyForDeploymentPostprocessing = 0;
		};
		38F7C4751BEA86C6009F6AB9 /* Sources */ = {
			isa = PBXSourcesBuildPhase;
			buildActionMask = 2147483647;
			files = (
				38F7C4801BEA86C6009F6AB9 /* review_aTests.m in Sources */,
			);
			runOnlyForDeploymentPostprocessing = 0;
		};
/* End PBXSourcesBuildPhase section */

/* Begin PBXTargetDependency section */
		38F7C47B1BEA86C6009F6AB9 /* PBXTargetDependency */ = {
			isa = PBXTargetDependency;
			target = 38F7C45F1BEA86C6009F6AB9 /* review-a */;
			targetProxy = 38F7C47A1BEA86C6009F6AB9 /* PBXContainerItemProxy */;
		};
/* End PBXTargetDependency section */

/* Begin PBXVariantGroup section */
		38F7C4721BEA86C6009F6AB9 /* LaunchScreen.xib */ = {
			isa = PBXVariantGroup;
			children = (
				38F7C4731BEA86C6009F6AB9 /* Base */,
			);
			name = LaunchScreen.xib;
			sourceTree = "<group>";
		};
/* End PBXVariantGroup section */

/* Begin XCBuildConfiguration section */
		38F7C4811BEA86C6009F6AB9 /* Debug */ = {
			isa = XCBuildConfiguration;
			buildSettings = {
				ALWAYS_SEARCH_USER_PATHS = NO;
				CLANG_CXX_LANGUAGE_STANDARD = "gnu++0x";
				CLANG_CXX_LIBRARY = "libc++";
				CLANG_ENABLE_MODULES = YES;
				CLANG_ENABLE_OBJC_ARC = YES;
				CLANG_WARN_BOOL_CONVERSION = YES;
				CLANG_WARN_CONSTANT_CONVERSION = YES;
				CLANG_WARN_DIRECT_OBJC_ISA_USAGE = YES_ERROR;
				CLANG_WARN_EMPTY_BODY = YES;
				CLANG_WARN_ENUM_CONVERSION = YES;
				CLANG_WARN_INT_CONVERSION = YES;
				CLANG_WARN_OBJC_ROOT_CLASS = YES_ERROR;
				CLANG_WARN_UNREACHABLE_CODE = YES;
				CLANG_WARN__DUPLICATE_METHOD_MATCH = YES;
				"CODE_SIGN_IDENTITY[sdk=iphoneos*]" = "iPhone Developer";
				COPY_PHASE_STRIP = NO;
				ENABLE_STRICT_OBJC_MSGSEND = YES;
				GCC_C_LANGUAGE_STANDARD = gnu99;
				GCC_DYNAMIC_NO_PIC = NO;
				GCC_OPTIMIZATION_LEVEL = 0;
				GCC_PREPROCESSOR_DEFINITIONS = (
					"DEBUG=1",
					"$(inherited)",
				);
				GCC_SYMBOLS_PRIVATE_EXTERN = NO;
				GCC_WARN_64_TO_32_BIT_CONVERSION = YES;
				GCC_WARN_ABOUT_RETURN_TYPE = YES_ERROR;
				GCC_WARN_UNDECLARED_SELECTOR = YES;
				GCC_WARN_UNINITIALIZED_AUTOS = YES_AGGRESSIVE;
				GCC_WARN_UNUSED_FUNCTION = YES;
				GCC_WARN_UNUSED_VARIABLE = YES;
				IPHONEOS_DEPLOYMENT_TARGET = 8.1;
				MTL_ENABLE_DEBUG_INFO = YES;
				ONLY_ACTIVE_ARCH = YES;
				SDKROOT = iphoneos;
				TARGETED_DEVICE_FAMILY = "1,2";
			};
			name = Debug;
		};
		38F7C4821BEA86C6009F6AB9 /* Release */ = {
			isa = XCBuildConfiguration;
			buildSettings = {
				ALWAYS_SEARCH_USER_PATHS = NO;
				CLANG_CXX_LANGUAGE_STANDARD = "gnu++0x";
				CLANG_CXX_LIBRARY = "libc++";
				CLANG_ENABLE_MODULES = YES;
				CLANG_ENABLE_OBJC_ARC = YES;
				CLANG_WARN_BOOL_CONVERSION = YES;
				CLANG_WARN_CONSTANT_CONVERSION = YES;
				CLANG_WARN_DIRECT_OBJC_ISA_USAGE = YES_ERROR;
				CLANG_WARN_EMPTY_BODY = YES;
				CLANG_WARN_ENUM_CONVERSION = YES;
				CLANG_WARN_INT_CONVERSION = YES;
				CLANG_WARN_OBJC_ROOT_CLASS = YES_ERROR;
				CLANG_WARN_UNREACHABLE_CODE = YES;
				CLANG_WARN__DUPLICATE_METHOD_MATCH = YES;
				"CODE_SIGN_IDENTITY[sdk=iphoneos*]" = "iPhone Developer";
				COPY_PHASE_STRIP = YES;
				ENABLE_NS_ASSERTIONS = NO;
				ENABLE_STRICT_OBJC_MSGSEND = YES;
				GCC_C_LANGUAGE_STANDARD = gnu99;
				GCC_WARN_64_TO_32_BIT_CONVERSION = YES;
				GCC_WARN_ABOUT_RETURN_TYPE = YES_ERROR;
				GCC_WARN_UNDECLARED_SELECTOR = YES;
				GCC_WARN_UNINITIALIZED_AUTOS = YES_AGGRESSIVE;
				GCC_WARN_UNUSED_FUNCTION = YES;
				GCC_WARN_UNUSED_VARIABLE = YES;
				IPHONEOS_DEPLOYMENT_TARGET = 8.1;
				MTL_ENABLE_DEBUG_INFO = NO;
				SDKROOT = iphoneos;
				TARGETED_DEVICE_FAMILY = "1,2";
				VALIDATE_PRODUCT = YES;
			};
			name = Release;
		};
		38F7C4841BEA86C6009F6AB9 /* Debug */ = {
			isa = XCBuildConfiguration;
			buildSettings = {
				ASSETCATALOG_COMPILER_APPICON_NAME = AppIcon;
				INFOPLIST_FILE = "review-a/Info.plist";
				LD_RUNPATH_SEARCH_PATHS = "$(inherited) @executable_path/Frameworks";
				PRODUCT_NAME = "$(TARGET_NAME)";
				TARGETED_DEVICE_FAMILY = 1;
			};
			name = Debug;
		};
		38F7C4851BEA86C6009F6AB9 /* Release */ = {
			isa = XCBuildConfiguration;
			buildSettings = {
				ASSETCATALOG_COMPILER_APPICON_NAME = AppIcon;
				INFOPLIST_FILE = "review-a/Info.plist";
				LD_RUNPATH_SEARCH_PATHS = "$(inherited) @executable_path/Frameworks";
				PRODUCT_NAME = "$(TARGET_NAME)";
				TARGETED_DEVICE_FAMILY = 1;
			};
			name = Release;
		};
		38F7C4871BEA86C6009F6AB9 /* Debug */ = {
			isa = XCBuildConfiguration;
			buildSettings = {
				BUNDLE_LOADER = "$(TEST_HOST)";
				FRAMEWORK_SEARCH_PATHS = (
					"$(SDKROOT)/Developer/Library/Frameworks",
					"$(inherited)",
				);
				GCC_PREPROCESSOR_DEFINITIONS = (
					"DEBUG=1",
					"$(inherited)",
				);
				INFOPLIST_FILE = "review-aTests/Info.plist";
				LD_RUNPATH_SEARCH_PATHS = "$(inherited) @executable_path/Frameworks @loader_path/Frameworks";
				PRODUCT_NAME = "$(TARGET_NAME)";
				TEST_HOST = "$(BUILT_PRODUCTS_DIR)/review-a.app/review-a";
			};
			name = Debug;
		};
		38F7C4881BEA86C6009F6AB9 /* Release */ = {
			isa = XCBuildConfiguration;
			buildSettings = {
				BUNDLE_LOADER = "$(TEST_HOST)";
				FRAMEWORK_SEARCH_PATHS = (
					"$(SDKROOT)/Developer/Library/Frameworks",
					"$(inherited)",
				);
				INFOPLIST_FILE = "review-aTests/Info.plist";
				LD_RUNPATH_SEARCH_PATHS = "$(inherited) @executable_path/Frameworks @loader_path/Frameworks";
				PRODUCT_NAME = "$(TARGET_NAME)";
				TEST_HOST = "$(BUILT_PRODUCTS_DIR)/review-a.app/review-a";
			};
			name = Release;
		};
/* End XCBuildConfiguration section */

/* Begin XCConfigurationList section */
		38F7C45B1BEA86C5009F6AB9 /* Build configuration list for PBXProject "review-a" */ = {
			isa = XCConfigurationList;
			buildConfigurations = (
				38F7C4811BEA86C6009F6AB9 /* Debug */,
				38F7C4821BEA86C6009F6AB9 /* Release */,
			);
			defaultConfigurationIsVisible = 0;
			defaultConfigurationName = Release;
		};
		38F7C4831BEA86C6009F6AB9 /* Build configuration list for PBXNativeTarget "review-a" */ = {
			isa = XCConfigurationList;
			buildConfigurations = (
				38F7C4841BEA86C6009F6AB9 /* Debug */,
				38F7C4851BEA86C6009F6AB9 /* Release */,
			);
			defaultConfigurationIsVisible = 0;
			defaultConfigurationName = Release;
		};
		38F7C4861BEA86C6009F6AB9 /* Build configuration list for PBXNativeTarget "review-aTests" */ = {
			isa = XCConfigurationList;
			buildConfigurations = (
				38F7C4871BEA86C6009F6AB9 /* Debug */,
				38F7C4881BEA86C6009F6AB9 /* Release */,
			);
			defaultConfigurationIsVisible = 0;
			defaultConfigurationName = Release;
		};
/* End XCConfigurationList section */
	};
	rootObject = 38F7C4581BEA86C5009F6AB9 /* Project object */;
}
